
Microsoft Visual Studio Solution File, Format Version 12.00
# Visual Studio Version 17
VisualStudioVersion = 17.4.33205.214
MinimumVisualStudioVersion = 10.0.40219.1
Project("{FAE04EC0-301F-11D3-BF4B-00C04F79EFBC}") = "ProgrammeringMotDatabaser", "ProgrammeringMotDatabaser\ProgrammeringMotDatabaser.csproj", "{12F50B1C-EDDC-4535-ADAA-0ABF930AE305}"
EndProject
Global
	GlobalSection(SolutionConfigurationPlatforms) = preSolution
		Debug|Any CPU = Debug|Any CPU
		Release|Any CPU = Release|Any CPU
	EndGlobalSection
	GlobalSection(ProjectConfigurationPlatforms) = postSolution
		{12F50B1C-EDDC-4535-ADAA-0ABF930AE305}.Debug|Any CPU.ActiveCfg = Debug|Any CPU
		{12F50B1C-EDDC-4535-ADAA-0ABF930AE305}.Debug|Any CPU.Build.0 = Debug|Any CPU
		{12F50B1C-EDDC-4535-ADAA-0ABF930AE305}.Release|Any CPU.ActiveCfg = Release|Any CPU
		{12F50B1C-EDDC-4535-ADAA-0ABF930AE305}.Release|Any CPU.Build.0 = Release|Any CPU
	EndGlobalSection
	GlobalSection(SolutionProperties) = preSolution
		HideSolutionNode = FALSE
	EndGlobalSection
	GlobalSection(ExtensibilityGlobals) = postSolution
		SolutionGuid = {053CDC0C-6F4D-4D0E-9BCA-F5BEF40ED51F}
	EndGlobalSection
EndGlobal
